// !$*UTF8*$!
{
	archiveVersion = 1;
	classes = {
	};
	objectVersion = 50;
	objects = {

/* Begin PBXBuildFile section */
		843466552585081D00B8CB1C /* SelectTestViewController.swift in Sources */ = {isa = PBXBuildFile; fileRef = 843466542585081D00B8CB1C /* SelectTestViewController.swift */; };
		8434665B25850FDB00B8CB1C /* TestMathVC.swift in Sources */ = {isa = PBXBuildFile; fileRef = 8434665A25850FDB00B8CB1C /* TestMathVC.swift */; };
		8434665E25851C8200B8CB1C /* SelectTestCollectionViewCell.swift in Sources */ = {isa = PBXBuildFile; fileRef = 8434665D25851C8200B8CB1C /* SelectTestCollectionViewCell.swift */; };
		8434666A2585332E00B8CB1C /* Test.storyboard in Resources */ = {isa = PBXBuildFile; fileRef = 843466692585332E00B8CB1C /* Test.storyboard */; };
		8434667C2585382400B8CB1C /* TestSociologyVC.swift in Sources */ = {isa = PBXBuildFile; fileRef = 8434667B2585382400B8CB1C /* TestSociologyVC.swift */; };
		843466832585385400B8CB1C /* TestHistoryVC.swift in Sources */ = {isa = PBXBuildFile; fileRef = 843466822585385400B8CB1C /* TestHistoryVC.swift */; };
		8434669225857B4800B8CB1C /* TestRussianVC.swift in Sources */ = {isa = PBXBuildFile; fileRef = 8434669125857B4800B8CB1C /* TestRussianVC.swift */; };
		843466962585914B00B8CB1C /* RatingSettings.swift in Sources */ = {isa = PBXBuildFile; fileRef = 843466952585914B00B8CB1C /* RatingSettings.swift */; };
		84BF6D4B2585970100DED355 /* MainViewController.swift in Sources */ = {isa = PBXBuildFile; fileRef = 84BF6D4A2585970100DED355 /* MainViewController.swift */; };
		84EBFEF02584EF410046C241 /* RegistrationViewController.swift in Sources */ = {isa = PBXBuildFile; fileRef = 84EBFEEF2584EF410046C241 /* RegistrationViewController.swift */; };
		84EC41FA2584D04E00427A88 /* AppDelegate.swift in Sources */ = {isa = PBXBuildFile; fileRef = 84EC41F92584D04E00427A88 /* AppDelegate.swift */; };
		84EC41FC2584D04E00427A88 /* SceneDelegate.swift in Sources */ = {isa = PBXBuildFile; fileRef = 84EC41FB2584D04E00427A88 /* SceneDelegate.swift */; };
		84EC42012584D04E00427A88 /* Main.storyboard in Resources */ = {isa = PBXBuildFile; fileRef = 84EC41FF2584D04E00427A88 /* Main.storyboard */; };
		84EC42032584D04F00427A88 /* Assets.xcassets in Resources */ = {isa = PBXBuildFile; fileRef = 84EC42022584D04F00427A88 /* Assets.xcassets */; };
		84EC42062584D04F00427A88 /* LaunchScreen.storyboard in Resources */ = {isa = PBXBuildFile; fileRef = 84EC42042584D04F00427A88 /* LaunchScreen.storyboard */; };
		84F31D002585C12A005A1651 /* UserSettings.swift in Sources */ = {isa = PBXBuildFile; fileRef = 84F31CFF2585C12A005A1651 /* UserSettings.swift */; };
/* End PBXBuildFile section */

/* Begin PBXFileReference section */
		843466542585081D00B8CB1C /* SelectTestViewController.swift */ = {isa = PBXFileReference; lastKnownFileType = sourcecode.swift; path = SelectTestViewController.swift; sourceTree = "<group>"; };
		8434665A25850FDB00B8CB1C /* TestMathVC.swift */ = {isa = PBXFileReference; lastKnownFileType = sourcecode.swift; path = TestMathVC.swift; sourceTree = "<group>"; };
		8434665D25851C8200B8CB1C /* SelectTestCollectionViewCell.swift */ = {isa = PBXFileReference; lastKnownFileType = sourcecode.swift; path = SelectTestCollectionViewCell.swift; sourceTree = "<group>"; };
		843466692585332E00B8CB1C /* Test.storyboard */ = {isa = PBXFileReference; lastKnownFileType = file.storyboard; path = Test.storyboard; sourceTree = "<group>"; };
		8434667B2585382400B8CB1C /* TestSociologyVC.swift */ = {isa = PBXFileReference; lastKnownFileType = sourcecode.swift; path = TestSociologyVC.swift; sourceTree = "<group>"; };
		843466822585385400B8CB1C /* TestHistoryVC.swift */ = {isa = PBXFileReference; lastKnownFileType = sourcecode.swift; path = TestHistoryVC.swift; sourceTree = "<group>"; };
		8434669125857B4800B8CB1C /* TestRussianVC.swift */ = {isa = PBXFileReference; lastKnownFileType = sourcecode.swift; path = TestRussianVC.swift; sourceTree = "<group>"; };
		843466952585914B00B8CB1C /* RatingSettings.swift */ = {isa = PBXFileReference; lastKnownFileType = sourcecode.swift; path = RatingSettings.swift; sourceTree = "<group>"; };
		84BF6D4A2585970100DED355 /* MainViewController.swift */ = {isa = PBXFileReference; lastKnownFileType = sourcecode.swift; path = MainViewController.swift; sourceTree = "<group>"; };
		84EBFEEF2584EF410046C241 /* RegistrationViewController.swift */ = {isa = PBXFileReference; lastKnownFileType = sourcecode.swift; path = RegistrationViewController.swift; sourceTree = "<group>"; };
		84EC41F62584D04E00427A88 /* TestCase2.app */ = {isa = PBXFileReference; explicitFileType = wrapper.application; includeInIndex = 0; path = TestCase2.app; sourceTree = BUILT_PRODUCTS_DIR; };
		84EC41F92584D04E00427A88 /* AppDelegate.swift */ = {isa = PBXFileReference; lastKnownFileType = sourcecode.swift; path = AppDelegate.swift; sourceTree = "<group>"; };
		84EC41FB2584D04E00427A88 /* SceneDelegate.swift */ = {isa = PBXFileReference; lastKnownFileType = sourcecode.swift; path = SceneDelegate.swift; sourceTree = "<group>"; };
		84EC42002584D04E00427A88 /* Base */ = {isa = PBXFileReference; lastKnownFileType = file.storyboard; name = Base; path = Base.lproj/Main.storyboard; sourceTree = "<group>"; };
		84EC42022584D04F00427A88 /* Assets.xcassets */ = {isa = PBXFileReference; lastKnownFileType = folder.assetcatalog; path = Assets.xcassets; sourceTree = "<group>"; };
		84EC42052584D04F00427A88 /* Base */ = {isa = PBXFileReference; lastKnownFileType = file.storyboard; name = Base; path = Base.lproj/LaunchScreen.storyboard; sourceTree = "<group>"; };
		84EC42072584D04F00427A88 /* Info.plist */ = {isa = PBXFileReference; lastKnownFileType = text.plist.xml; path = Info.plist; sourceTree = "<group>"; };
		84F31CFF2585C12A005A1651 /* UserSettings.swift */ = {isa = PBXFileReference; lastKnownFileType = sourcecode.swift; path = UserSettings.swift; sourceTree = "<group>"; };
/* End PBXFileReference section */

/* Begin PBXFrameworksBuildPhase section */
		84EC41F32584D04E00427A88 /* Frameworks */ = {
			isa = PBXFrameworksBuildPhase;
			buildActionMask = 2147483647;
			files = (
			);
			runOnlyForDeploymentPostprocessing = 0;
		};
/* End PBXFrameworksBuildPhase section */

/* Begin PBXGroup section */
		84346653258507EB00B8CB1C /* TestScreen */ = {
			isa = PBXGroup;
			children = (
				84346666258523CF00B8CB1C /* SelectTestVC */,
				8434666C258533E700B8CB1C /* TestModule */,
			);
			path = TestScreen;
			sourceTree = "<group>";
		};
		84346664258523BB00B8CB1C /* TestMath */ = {
			isa = PBXGroup;
			children = (
				8434665A25850FDB00B8CB1C /* TestMathVC.swift */,
			);
			path = TestMath;
			sourceTree = "<group>";
		};
		84346666258523CF00B8CB1C /* SelectTestVC */ = {
			isa = PBXGroup;
			children = (
				843466542585081D00B8CB1C /* SelectTestViewController.swift */,
				8434665D25851C8200B8CB1C /* SelectTestCollectionViewCell.swift */,
			);
			path = SelectTestVC;
			sourceTree = "<group>";
		};
		8434666C258533E700B8CB1C /* TestModule */ = {
			isa = PBXGroup;
			children = (
				843466952585914B00B8CB1C /* RatingSettings.swift */,
				8434667A2585380400B8CB1C /* TestHistory */,
				843466702585340300B8CB1C /* TestSociology */,
				8434666F258533FD00B8CB1C /* TestRussian */,
				84346664258523BB00B8CB1C /* TestMath */,
				843466692585332E00B8CB1C /* Test.storyboard */,
			);
			path = TestModule;
			sourceTree = "<group>";
		};
		8434666F258533FD00B8CB1C /* TestRussian */ = {
			isa = PBXGroup;
			children = (
				8434669125857B4800B8CB1C /* TestRussianVC.swift */,
			);
			path = TestRussian;
			sourceTree = "<group>";
		};
		843466702585340300B8CB1C /* TestSociology */ = {
			isa = PBXGroup;
			children = (
				8434667B2585382400B8CB1C /* TestSociologyVC.swift */,
			);
			path = TestSociology;
			sourceTree = "<group>";
		};
		8434667A2585380400B8CB1C /* TestHistory */ = {
			isa = PBXGroup;
			children = (
				843466822585385400B8CB1C /* TestHistoryVC.swift */,
			);
			path = TestHistory;
			sourceTree = "<group>";
		};
		84EBFEED2584EECA0046C241 /* MainScreen */ = {
			isa = PBXGroup;
			children = (
				84F31CFF2585C12A005A1651 /* UserSettings.swift */,
				84EBFEEE2584EEE30046C241 /* View */,
			);
			path = MainScreen;
			sourceTree = "<group>";
		};
		84EBFEEE2584EEE30046C241 /* View */ = {
			isa = PBXGroup;
			children = (
				84EBFEEF2584EF410046C241 /* RegistrationViewController.swift */,
				84BF6D4A2585970100DED355 /* MainViewController.swift */,
				84EC41FF2584D04E00427A88 /* Main.storyboard */,
			);
			path = View;
			sourceTree = "<group>";
		};
		84EC41ED2584D04E00427A88 = {
			isa = PBXGroup;
			children = (
				84EC41F82584D04E00427A88 /* TestCase2 */,
				84EC41F72584D04E00427A88 /* Products */,
			);
			sourceTree = "<group>";
		};
		84EC41F72584D04E00427A88 /* Products */ = {
			isa = PBXGroup;
			children = (
				84EC41F62584D04E00427A88 /* TestCase2.app */,
			);
			name = Products;
			sourceTree = "<group>";
		};
		84EC41F82584D04E00427A88 /* TestCase2 */ = {
			isa = PBXGroup;
			children = (
				84EC41F92584D04E00427A88 /* AppDelegate.swift */,
				84EC41FB2584D04E00427A88 /* SceneDelegate.swift */,
				84346653258507EB00B8CB1C /* TestScreen */,
				84EBFEED2584EECA0046C241 /* MainScreen */,
				84EC42022584D04F00427A88 /* Assets.xcassets */,
				84EC42042584D04F00427A88 /* LaunchScreen.storyboard */,
				84EC42072584D04F00427A88 /* Info.plist */,
			);
			path = TestCase2;
			sourceTree = "<group>";
		};
/* End PBXGroup section */

/* Begin PBXNativeTarget section */
		84EC41F52584D04E00427A88 /* TestCase2 */ = {
			isa = PBXNativeTarget;
			buildConfigurationList = 84EC420A2584D04F00427A88 /* Build configuration list for PBXNativeTarget "TestCase2" */;
			buildPhases = (
				84EC41F22584D04E00427A88 /* Sources */,
				84EC41F32584D04E00427A88 /* Frameworks */,
				84EC41F42584D04E00427A88 /* Resources */,
			);
			buildRules = (
			);
			dependencies = (
			);
			name = TestCase2;
			productName = TestCase2;
			productReference = 84EC41F62584D04E00427A88 /* TestCase2.app */;
			productType = "com.apple.product-type.application";
		};
/* End PBXNativeTarget section */

/* Begin PBXProject section */
		84EC41EE2584D04E00427A88 /* Project object */ = {
			isa = PBXProject;
			attributes = {
				LastSwiftUpdateCheck = 1210;
				LastUpgradeCheck = 1210;
				TargetAttributes = {
					84EC41F52584D04E00427A88 = {
						CreatedOnToolsVersion = 12.1;
					};
				};
			};
			buildConfigurationList = 84EC41F12584D04E00427A88 /* Build configuration list for PBXProject "TestCase2" */;
			compatibilityVersion = "Xcode 9.3";
			developmentRegion = en;
			hasScannedForEncodings = 0;
			knownRegions = (
				en,
				Base,
			);
			mainGroup = 84EC41ED2584D04E00427A88;
			productRefGroup = 84EC41F72584D04E00427A88 /* Products */;
			projectDirPath = "";
			projectRoot = "";
			targets = (
				84EC41F52584D04E00427A88 /* TestCase2 */,
			);
		};
/* End PBXProject section */

/* Begin PBXResourcesBuildPhase section */
		84EC41F42584D04E00427A88 /* Resources */ = {
			isa = PBXResourcesBuildPhase;
			buildActionMask = 2147483647;
			files = (
				84EC42062584D04F00427A88 /* LaunchScreen.storyboard in Resources */,
				84EC42032584D04F00427A88 /* Assets.xcassets in Resources */,
				8434666A2585332E00B8CB1C /* Test.storyboard in Resources */,
				84EC42012584D04E00427A88 /* Main.storyboard in Resources */,
			);
			runOnlyForDeploymentPostprocessing = 0;
		};
/* End PBXResourcesBuildPhase section */

/* Begin PBXSourcesBuildPhase section */
		84EC41F22584D04E00427A88 /* Sources */ = {
			isa = PBXSourcesBuildPhase;
			buildActionMask = 2147483647;
			files = (
				843466552585081D00B8CB1C /* SelectTestViewController.swift in Sources */,
				84F31D002585C12A005A1651 /* UserSettings.swift in Sources */,
				84BF6D4B2585970100DED355 /* MainViewController.swift in Sources */,
				8434667C2585382400B8CB1C /* TestSociologyVC.swift in Sources */,
				84EC41FA2584D04E00427A88 /* AppDelegate.swift in Sources */,
				843466962585914B00B8CB1C /* RatingSettings.swift in Sources */,
				84EBFEF02584EF410046C241 /* RegistrationViewController.swift in Sources */,
				8434665B25850FDB00B8CB1C /* TestMathVC.swift in Sources */,
				8434669225857B4800B8CB1C /* TestRussianVC.swift in Sources */,
				843466832585385400B8CB1C /* TestHistoryVC.swift in Sources */,
				8434665E25851C8200B8CB1C /* SelectTestCollectionViewCell.swift in Sources */,
				84EC41FC2584D04E00427A88 /* SceneDelegate.swift in Sources */,
			);
			runOnlyForDeploymentPostprocessing = 0;
		};
/* End PBXSourcesBuildPhase section */

/* Begin PBXVariantGroup section */
		84EC41FF2584D04E00427A88 /* Main.storyboard */ = {
			isa = PBXVariantGroup;
			children = (
				84EC42002584D04E00427A88 /* Base */,
			);
			name = Main.storyboard;
			sourceTree = "<group>";
		};
		84EC42042584D04F00427A88 /* LaunchScreen.storyboard */ = {
			isa = PBXVariantGroup;
			children = (
				84EC42052584D04F00427A88 /* Base */,
			);
			name = LaunchScreen.storyboard;
			sourceTree = "<group>";
		};
/* End PBXVariantGroup section */

/* Begin XCBuildConfiguration section */
		84EC42082584D04F00427A88 /* Debug */ = {
			isa = XCBuildConfiguration;
			buildSettings = {
				ALWAYS_SEARCH_USER_PATHS = NO;
				CLANG_ANALYZER_NONNULL = YES;
				CLANG_ANALYZER_NUMBER_OBJECT_CONVERSION = YES_AGGRESSIVE;
				CLANG_CXX_LANGUAGE_STANDARD = "gnu++14";
				CLANG_CXX_LIBRARY = "libc++";
				CLANG_ENABLE_MODULES = YES;
				CLANG_ENABLE_OBJC_ARC = YES;
				CLANG_ENABLE_OBJC_WEAK = YES;
				CLANG_WARN_BLOCK_CAPTURE_AUTORELEASING = YES;
				CLANG_WARN_BOOL_CONVERSION = YES;
				CLANG_WARN_COMMA = YES;
				CLANG_WARN_CONSTANT_CONVERSION = YES;
				CLANG_WARN_DEPRECATED_OBJC_IMPLEMENTATIONS = YES;
				CLANG_WARN_DIRECT_OBJC_ISA_USAGE = YES_ERROR;
				CLANG_WARN_DOCUMENTATION_COMMENTS = YES;
				CLANG_WARN_EMPTY_BODY = YES;
				CLANG_WARN_ENUM_CONVERSION = YES;
				CLANG_WARN_INFINITE_RECURSION = YES;
				CLANG_WARN_INT_CONVERSION = YES;
				CLANG_WARN_NON_LITERAL_NULL_CONVERSION = YES;
				CLANG_WARN_OBJC_IMPLICIT_RETAIN_SELF = YES;
				CLANG_WARN_OBJC_LITERAL_CONVERSION = YES;
				CLANG_WARN_OBJC_ROOT_CLASS = YES_ERROR;
				CLANG_WARN_QUOTED_INCLUDE_IN_FRAMEWORK_HEADER = YES;
				CLANG_WARN_RANGE_LOOP_ANALYSIS = YES;
				CLANG_WARN_STRICT_PROTOTYPES = YES;
				CLANG_WARN_SUSPICIOUS_MOVE = YES;
				CLANG_WARN_UNGUARDED_AVAILABILITY = YES_AGGRESSIVE;
				CLANG_WARN_UNREACHABLE_CODE = YES;
				CLANG_WARN__DUPLICATE_METHOD_MATCH = YES;
				COPY_PHASE_STRIP = NO;
				DEBUG_INFORMATION_FORMAT = dwarf;
				ENABLE_STRICT_OBJC_MSGSEND = YES;
				ENABLE_TESTABILITY = YES;
				GCC_C_LANGUAGE_STANDARD = gnu11;
				GCC_DYNAMIC_NO_PIC = NO;
				GCC_NO_COMMON_BLOCKS = YES;
				GCC_OPTIMIZATION_LEVEL = 0;
				GCC_PREPROCESSOR_DEFINITIONS = (
					"DEBUG=1",
					"$(inherited)",
				);
				GCC_WARN_64_TO_32_BIT_CONVERSION = YES;
				GCC_WARN_ABOUT_RETURN_TYPE = YES_ERROR;
				GCC_WARN_UNDECLARED_SELECTOR = YES;
				GCC_WARN_UNINITIALIZED_AUTOS = YES_AGGRESSIVE;
				GCC_WARN_UNUSED_FUNCTION = YES;
				GCC_WARN_UNUSED_VARIABLE = YES;
				IPHONEOS_DEPLOYMENT_TARGET = 14.1;
				MTL_ENABLE_DEBUG_INFO = INCLUDE_SOURCE;
				MTL_FAST_MATH = YES;
				ONLY_ACTIVE_ARCH = YES;
				SDKROOT = iphoneos;
				SWIFT_ACTIVE_COMPILATION_CONDITIONS = DEBUG;
				SWIFT_OPTIMIZATION_LEVEL = "-Onone";
			};
			name = Debug;
		};
		84EC42092584D04F00427A88 /* Release */ = {
			isa = XCBuildConfiguration;
			buildSettings = {
				ALWAYS_SEARCH_USER_PATHS = NO;
				CLANG_ANALYZER_NONNULL = YES;
				CLANG_ANALYZER_NUMBER_OBJECT_CONVERSION = YES_AGGRESSIVE;
				CLANG_CXX_LANGUAGE_STANDARD = "gnu++14";
				CLANG_CXX_LIBRARY = "libc++";
				CLANG_ENABLE_MODULES = YES;
				CLANG_ENABLE_OBJC_ARC = YES;
				CLANG_ENABLE_OBJC_WEAK = YES;
				CLANG_WARN_BLOCK_CAPTURE_AUTORELEASING = YES;
				CLANG_WARN_BOOL_CONVERSION = YES;
				CLANG_WARN_COMMA = YES;
				CLANG_WARN_CONSTANT_CONVERSION = YES;
				CLANG_WARN_DEPRECATED_OBJC_IMPLEMENTATIONS = YES;
				CLANG_WARN_DIRECT_OBJC_ISA_USAGE = YES_ERROR;
				CLANG_WARN_DOCUMENTATION_COMMENTS = YES;
				CLANG_WARN_EMPTY_BODY = YES;
				CLANG_WARN_ENUM_CONVERSION = YES;
				CLANG_WARN_INFINITE_RECURSION = YES;
				CLANG_WARN_INT_CONVERSION = YES;
				CLANG_WARN_NON_LITERAL_NULL_CONVERSION = YES;
				CLANG_WARN_OBJC_IMPLICIT_RETAIN_SELF = YES;
				CLANG_WARN_OBJC_LITERAL_CONVERSION = YES;
				CLANG_WARN_OBJC_ROOT_CLASS = YES_ERROR;
				CLANG_WARN_QUOTED_INCLUDE_IN_FRAMEWORK_HEADER = YES;
				CLANG_WARN_RANGE_LOOP_ANALYSIS = YES;
				CLANG_WARN_STRICT_PROTOTYPES = YES;
				CLANG_WARN_SUSPICIOUS_MOVE = YES;
				CLANG_WARN_UNGUARDED_AVAILABILITY = YES_AGGRESSIVE;
				CLANG_WARN_UNREACHABLE_CODE = YES;
				CLANG_WARN__DUPLICATE_METHOD_MATCH = YES;
				COPY_PHASE_STRIP = NO;
				DEBUG_INFORMATION_FORMAT = "dwarf-with-dsym";
				ENABLE_NS_ASSERTIONS = NO;
				ENABLE_STRICT_OBJC_MSGSEND = YES;
				GCC_C_LANGUAGE_STANDARD = gnu11;
				GCC_NO_COMMON_BLOCKS = YES;
				GCC_WARN_64_TO_32_BIT_CONVERSION = YES;
				GCC_WARN_ABOUT_RETURN_TYPE = YES_ERROR;
				GCC_WARN_UNDECLARED_SELECTOR = YES;
				GCC_WARN_UNINITIALIZED_AUTOS = YES_AGGRESSIVE;
				GCC_WARN_UNUSED_FUNCTION = YES;
				GCC_WARN_UNUSED_VARIABLE = YES;
				IPHONEOS_DEPLOYMENT_TARGET = 14.1;
				MTL_ENABLE_DEBUG_INFO = NO;
				MTL_FAST_MATH = YES;
				SDKROOT = iphoneos;
				SWIFT_COMPILATION_MODE = wholemodule;
				SWIFT_OPTIMIZATION_LEVEL = "-O";
				VALIDATE_PRODUCT = YES;
			};
			name = Release;
		};
		84EC420B2584D04F00427A88 /* Debug */ = {
			isa = XCBuildConfiguration;
			buildSettings = {
				ASSETCATALOG_COMPILER_APPICON_NAME = AppIcon;
				ASSETCATALOG_COMPILER_GLOBAL_ACCENT_COLOR_NAME = AccentColor;
				CODE_SIGN_STYLE = Automatic;
				DEVELOPMENT_TEAM = XK4D24WZ52;
				INFOPLIST_FILE = TestCase2/Info.plist;
				IPHONEOS_DEPLOYMENT_TARGET = 13.5;
				LD_RUNPATH_SEARCH_PATHS = (
					"$(inherited)",
					"@executable_path/Frameworks",
				);
				PRODUCT_BUNDLE_IDENTIFIER = com.muslim.TestCase2;
				PRODUCT_NAME = "$(TARGET_NAME)";
				SWIFT_VERSION = 5.0;
				TARGETED_DEVICE_FAMILY = "1,2";
			};
			name = Debug;
		};
		84EC420C2584D04F00427A88 /* Release */ = {
			isa = XCBuildConfiguration;
			buildSettings = {
				ASSETCATALOG_COMPILER_APPICON_NAME = AppIcon;
				ASSETCATALOG_COMPILER_GLOBAL_ACCENT_COLOR_NAME = AccentColor;
				CODE_SIGN_STYLE = Automatic;
				DEVELOPMENT_TEAM = XK4D24WZ52;
				INFOPLIST_FILE = TestCase2/Info.plist;
				IPHONEOS_DEPLOYMENT_TARGET = 13.5;
				LD_RUNPATH_SEARCH_PATHS = (
					"$(inherited)",
					"@executable_path/Frameworks",
				);
				PRODUCT_BUNDLE_IDENTIFIER = com.muslim.TestCase2;
				PRODUCT_NAME = "$(TARGET_NAME)";
				SWIFT_VERSION = 5.0;
				TARGETED_DEVICE_FAMILY = "1,2";
			};
			name = Release;
		};
/* End XCBuildConfiguration section */

/* Begin XCConfigurationList section */
		84EC41F12584D04E00427A88 /* Build configuration list for PBXProject "TestCase2" */ = {
			isa = XCConfigurationList;
			buildConfigurations = (
				84EC42082584D04F00427A88 /* Debug */,
				84EC42092584D04F00427A88 /* Release */,
			);
			defaultConfigurationIsVisible = 0;
			defaultConfigurationName = Release;
		};
		84EC420A2584D04F00427A88 /* Build configuration list for PBXNativeTarget "TestCase2" */ = {
			isa = XCConfigurationList;
			buildConfigurations = (
				84EC420B2584D04F00427A88 /* Debug */,
				84EC420C2584D04F00427A88 /* Release */,
			);
			defaultConfigurationIsVisible = 0;
			defaultConfigurationName = Release;
		};
/* End XCConfigurationList section */
	};
	rootObject = 84EC41EE2584D04E00427A88 /* Project object */;
}
